
Microsoft Visual Studio Solution File, Format Version 12.00
# Visual Studio Version 17
VisualStudioVersion = 17.5.2.0
MinimumVisualStudioVersion = 10.0.40219.1
Project("{FAE04EC0-301F-11D3-BF4B-00C04F79EFBC}") = "QuantityMeasurementApp", "src\QuantityMeasurementApp\QuantityMeasurementApp.csproj", "{541D41C3-4B17-B02F-1241-96EDE8C8F6F8}"
EndProject
Project("{FAE04EC0-301F-11D3-BF4B-00C04F79EFBC}") = "QuantityMeasurementApp.Tests", "tests\QuantityMeasurementApp.Tests\QuantityMeasurementApp.Tests.csproj", "{BFF75C40-DCA5-5A7B-B3CB-EA83D3CE7B3D}"
EndProject
Project("{2150E333-8FDC-42A3-9474-1A3956D46DE8}") = "src", "src", "{827E0CD3-B72D-47B6-A68D-7590B98EB39B}"
EndProject
Project("{FAE04EC0-301F-11D3-BF4B-00C04F79EFBC}") = "QuantityMeasurementBusiness", "src\QuantityMeasurementBusiness\QuantityMeasurementBusiness.csproj", "{A549617D-2CD3-4848-975D-8602B3E789F4}"
EndProject
Project("{FAE04EC0-301F-11D3-BF4B-00C04F79EFBC}") = "QuantityMeasurementModel", "src\QuantityMeasurementModel\QuantityMeasurementModel.csproj", "{469E3ABA-04CA-4AA1-AB0D-EF475415E50A}"
EndProject
Project("{FAE04EC0-301F-11D3-BF4B-00C04F79EFBC}") = "QuantityMeasurementRepo", "src\QuantityMeasurementRepo\QuantityMeasurementRepo.csproj", "{E5AE8891-7C1F-47EB-B86F-E3937DDE3DFC}"
EndProject
Project("{FAE04EC0-301F-11D3-BF4B-00C04F79EFBC}") = "QuantityMeasurementController", "src\QuantityMeasurementController\QuantityMeasurementController.csproj", "{DE222CFD-E6C5-43A4-AF23-1FEC14A7B965}"
EndProject
Global
	GlobalSection(SolutionConfigurationPlatforms) = preSolution
		Debug|Any CPU = Debug|Any CPU
		Debug|x64 = Debug|x64
		Debug|x86 = Debug|x86
		Release|Any CPU = Release|Any CPU
		Release|x64 = Release|x64
		Release|x86 = Release|x86
	EndGlobalSection
	GlobalSection(ProjectConfigurationPlatforms) = postSolution
		{541D41C3-4B17-B02F-1241-96EDE8C8F6F8}.Debug|Any CPU.ActiveCfg = Debug|Any CPU
		{541D41C3-4B17-B02F-1241-96EDE8C8F6F8}.Debug|Any CPU.Build.0 = Debug|Any CPU
		{541D41C3-4B17-B02F-1241-96EDE8C8F6F8}.Debug|x64.ActiveCfg = Debug|Any CPU
		{541D41C3-4B17-B02F-1241-96EDE8C8F6F8}.Debug|x64.Build.0 = Debug|Any CPU
		{541D41C3-4B17-B02F-1241-96EDE8C8F6F8}.Debug|x86.ActiveCfg = Debug|Any CPU
		{541D41C3-4B17-B02F-1241-96EDE8C8F6F8}.Debug|x86.Build.0 = Debug|Any CPU
		{541D41C3-4B17-B02F-1241-96EDE8C8F6F8}.Release|Any CPU.ActiveCfg = Release|Any CPU
		{541D41C3-4B17-B02F-1241-96EDE8C8F6F8}.Release|Any CPU.Build.0 = Release|Any CPU
		{541D41C3-4B17-B02F-1241-96EDE8C8F6F8}.Release|x64.ActiveCfg = Release|Any CPU
		{541D41C3-4B17-B02F-1241-96EDE8C8F6F8}.Release|x64.Build.0 = Release|Any CPU
		{541D41C3-4B17-B02F-1241-96EDE8C8F6F8}.Release|x86.ActiveCfg = Release|Any CPU
		{541D41C3-4B17-B02F-1241-96EDE8C8F6F8}.Release|x86.Build.0 = Release|Any CPU
		{BFF75C40-DCA5-5A7B-B3CB-EA83D3CE7B3D}.Debug|Any CPU.ActiveCfg = Debug|Any CPU
		{BFF75C40-DCA5-5A7B-B3CB-EA83D3CE7B3D}.Debug|Any CPU.Build.0 = Debug|Any CPU
		{BFF75C40-DCA5-5A7B-B3CB-EA83D3CE7B3D}.Debug|x64.ActiveCfg = Debug|Any CPU
		{BFF75C40-DCA5-5A7B-B3CB-EA83D3CE7B3D}.Debug|x64.Build.0 = Debug|Any CPU
		{BFF75C40-DCA5-5A7B-B3CB-EA83D3CE7B3D}.Debug|x86.ActiveCfg = Debug|Any CPU
		{BFF75C40-DCA5-5A7B-B3CB-EA83D3CE7B3D}.Debug|x86.Build.0 = Debug|Any CPU
		{BFF75C40-DCA5-5A7B-B3CB-EA83D3CE7B3D}.Release|Any CPU.ActiveCfg = Release|Any CPU
		{BFF75C40-DCA5-5A7B-B3CB-EA83D3CE7B3D}.Release|Any CPU.Build.0 = Release|Any CPU
		{BFF75C40-DCA5-5A7B-B3CB-EA83D3CE7B3D}.Release|x64.ActiveCfg = Release|Any CPU
		{BFF75C40-DCA5-5A7B-B3CB-EA83D3CE7B3D}.Release|x64.Build.0 = Release|Any CPU
		{BFF75C40-DCA5-5A7B-B3CB-EA83D3CE7B3D}.Release|x86.ActiveCfg = Release|Any CPU
		{BFF75C40-DCA5-5A7B-B3CB-EA83D3CE7B3D}.Release|x86.Build.0 = Release|Any CPU
		{A549617D-2CD3-4848-975D-8602B3E789F4}.Debug|Any CPU.ActiveCfg = Debug|Any CPU
		{A549617D-2CD3-4848-975D-8602B3E789F4}.Debug|Any CPU.Build.0 = Debug|Any CPU
		{A549617D-2CD3-4848-975D-8602B3E789F4}.Debug|x64.ActiveCfg = Debug|Any CPU
		{A549617D-2CD3-4848-975D-8602B3E789F4}.Debug|x64.Build.0 = Debug|Any CPU
		{A549617D-2CD3-4848-975D-8602B3E789F4}.Debug|x86.ActiveCfg = Debug|Any CPU
		{A549617D-2CD3-4848-975D-8602B3E789F4}.Debug|x86.Build.0 = Debug|Any CPU
		{A549617D-2CD3-4848-975D-8602B3E789F4}.Release|Any CPU.ActiveCfg = Release|Any CPU
		{A549617D-2CD3-4848-975D-8602B3E789F4}.Release|Any CPU.Build.0 = Release|Any CPU
		{A549617D-2CD3-4848-975D-8602B3E789F4}.Release|x64.ActiveCfg = Release|Any CPU
		{A549617D-2CD3-4848-975D-8602B3E789F4}.Release|x64.Build.0 = Release|Any CPU
		{A549617D-2CD3-4848-975D-8602B3E789F4}.Release|x86.ActiveCfg = Release|Any CPU
		{A549617D-2CD3-4848-975D-8602B3E789F4}.Release|x86.Build.0 = Release|Any CPU
		{469E3ABA-04CA-4AA1-AB0D-EF475415E50A}.Debug|Any CPU.ActiveCfg = Debug|Any CPU
		{469E3ABA-04CA-4AA1-AB0D-EF475415E50A}.Debug|Any CPU.Build.0 = Debug|Any CPU
		{469E3ABA-04CA-4AA1-AB0D-EF475415E50A}.Debug|x64.ActiveCfg = Debug|Any CPU
		{469E3ABA-04CA-4AA1-AB0D-EF475415E50A}.Debug|x64.Build.0 = Debug|Any CPU
		{469E3ABA-04CA-4AA1-AB0D-EF475415E50A}.Debug|x86.ActiveCfg = Debug|Any CPU
		{469E3ABA-04CA-4AA1-AB0D-EF475415E50A}.Debug|x86.Build.0 = Debug|Any CPU
		{469E3ABA-04CA-4AA1-AB0D-EF475415E50A}.Release|Any CPU.ActiveCfg = Release|Any CPU
		{469E3ABA-04CA-4AA1-AB0D-EF475415E50A}.Release|Any CPU.Build.0 = Release|Any CPU
		{469E3ABA-04CA-4AA1-AB0D-EF475415E50A}.Release|x64.ActiveCfg = Release|Any CPU
		{469E3ABA-04CA-4AA1-AB0D-EF475415E50A}.Release|x64.Build.0 = Release|Any CPU
		{469E3ABA-04CA-4AA1-AB0D-EF475415E50A}.Release|x86.ActiveCfg = Release|Any CPU
		{469E3ABA-04CA-4AA1-AB0D-EF475415E50A}.Release|x86.Build.0 = Release|Any CPU
		{E5AE8891-7C1F-47EB-B86F-E3937DDE3DFC}.Debug|Any CPU.ActiveCfg = Debug|Any CPU
		{E5AE8891-7C1F-47EB-B86F-E3937DDE3DFC}.Debug|Any CPU.Build.0 = Debug|Any CPU
		{E5AE8891-7C1F-47EB-B86F-E3937DDE3DFC}.Debug|x64.ActiveCfg = Debug|Any CPU
		{E5AE8891-7C1F-47EB-B86F-E3937DDE3DFC}.Debug|x64.Build.0 = Debug|Any CPU
		{E5AE8891-7C1F-47EB-B86F-E3937DDE3DFC}.Debug|x86.ActiveCfg = Debug|Any CPU
		{E5AE8891-7C1F-47EB-B86F-E3937DDE3DFC}.Debug|x86.Build.0 = Debug|Any CPU
		{E5AE8891-7C1F-47EB-B86F-E3937DDE3DFC}.Release|Any CPU.ActiveCfg = Release|Any CPU
		{E5AE8891-7C1F-47EB-B86F-E3937DDE3DFC}.Release|Any CPU.Build.0 = Release|Any CPU
		{E5AE8891-7C1F-47EB-B86F-E3937DDE3DFC}.Release|x64.ActiveCfg = Release|Any CPU
		{E5AE8891-7C1F-47EB-B86F-E3937DDE3DFC}.Release|x64.Build.0 = Release|Any CPU
		{E5AE8891-7C1F-47EB-B86F-E3937DDE3DFC}.Release|x86.ActiveCfg = Release|Any CPU
		{E5AE8891-7C1F-47EB-B86F-E3937DDE3DFC}.Release|x86.Build.0 = Release|Any CPU
		{DE222CFD-E6C5-43A4-AF23-1FEC14A7B965}.Debug|Any CPU.ActiveCfg = Debug|Any CPU
		{DE222CFD-E6C5-43A4-AF23-1FEC14A7B965}.Debug|Any CPU.Build.0 = Debug|Any CPU
		{DE222CFD-E6C5-43A4-AF23-1FEC14A7B965}.Debug|x64.ActiveCfg = Debug|Any CPU
		{DE222CFD-E6C5-43A4-AF23-1FEC14A7B965}.Debug|x64.Build.0 = Debug|Any CPU
		{DE222CFD-E6C5-43A4-AF23-1FEC14A7B965}.Debug|x86.ActiveCfg = Debug|Any CPU
		{DE222CFD-E6C5-43A4-AF23-1FEC14A7B965}.Debug|x86.Build.0 = Debug|Any CPU
		{DE222CFD-E6C5-43A4-AF23-1FEC14A7B965}.Release|Any CPU.ActiveCfg = Release|Any CPU
		{DE222CFD-E6C5-43A4-AF23-1FEC14A7B965}.Release|Any CPU.Build.0 = Release|Any CPU
		{DE222CFD-E6C5-43A4-AF23-1FEC14A7B965}.Release|x64.ActiveCfg = Release|Any CPU
		{DE222CFD-E6C5-43A4-AF23-1FEC14A7B965}.Release|x64.Build.0 = Release|Any CPU
		{DE222CFD-E6C5-43A4-AF23-1FEC14A7B965}.Release|x86.ActiveCfg = Release|Any CPU
		{DE222CFD-E6C5-43A4-AF23-1FEC14A7B965}.Release|x86.Build.0 = Release|Any CPU
	EndGlobalSection
	GlobalSection(SolutionProperties) = preSolution
		HideSolutionNode = FALSE
	EndGlobalSection
	GlobalSection(NestedProjects) = preSolution
		{A549617D-2CD3-4848-975D-8602B3E789F4} = {827E0CD3-B72D-47B6-A68D-7590B98EB39B}
		{469E3ABA-04CA-4AA1-AB0D-EF475415E50A} = {827E0CD3-B72D-47B6-A68D-7590B98EB39B}
		{E5AE8891-7C1F-47EB-B86F-E3937DDE3DFC} = {827E0CD3-B72D-47B6-A68D-7590B98EB39B}
		{DE222CFD-E6C5-43A4-AF23-1FEC14A7B965} = {827E0CD3-B72D-47B6-A68D-7590B98EB39B}
	EndGlobalSection
	GlobalSection(ExtensibilityGlobals) = postSolution
		SolutionGuid = {6BA84BEB-4323-45B3-A2D4-451690BBAC71}
	EndGlobalSection
EndGlobal
